// !$*UTF8*$!
{
	archiveVersion = 1;
	classes = {
	};
	objectVersion = 45;
	objects = {

/* Begin PBXAggregateTarget section */
		C338D74614A723A200A8978B /* LIPO */ = {
			isa = PBXAggregateTarget;
			buildConfigurationList = C338D74A14A723A200A8978B /* Build configuration list for PBXAggregateTarget "LIPO" */;
			buildPhases = (
				C338D74C14A723EE00A8978B /* ShellScript */,
			);
			dependencies = (
			);
			name = LIPO;
			productName = LIPO;
		};
/* End PBXAggregateTarget section */

/* Begin PBXBuildFile section */
		C338D75314A72E7500A8978B /* IConvWrapper.cpp in Sources */ = {isa = PBXBuildFile; fileRef = C338D75114A72E7500A8978B /* IConvWrapper.cpp */; };
		C338D75414A72E7500A8978B /* IConvWrapper.h in Headers */ = {isa = PBXBuildFile; fileRef = C338D75214A72E7500A8978B /* IConvWrapper.h */; };
		C3E47A9E14A6E74200BD4223 /* CoreFoundation.framework in Frameworks */ = {isa = PBXBuildFile; fileRef = C3E47A9D14A6E74200BD4223 /* CoreFoundation.framework */; };
		C3E47AAC14A6EA7400BD4223 /* Exit.png in CopyFiles */ = {isa = PBXBuildFile; fileRef = 8EF38C02138AAE5F00854811 /* Exit.png */; };
		C3E47AB314A6EA7400BD4223 /* Backward_Normal_Small.png in CopyFiles */ = {isa = PBXBuildFile; fileRef = 8ECD242F135334000067D02E /* Backward_Normal_Small.png */; };
		C3E47AB414A6EA7400BD4223 /* Backward_Normal.png in CopyFiles */ = {isa = PBXBuildFile; fileRef = 8ECD2430135334000067D02E /* Backward_Normal.png */; };
		C3E47AB514A6EA7400BD4223 /* Backward_Press_Small.png in CopyFiles */ = {isa = PBXBuildFile; fileRef = 8ECD2431135334000067D02E /* Backward_Press_Small.png */; };
		C3E47AB614A6EA7400BD4223 /* Backward_Press.png in CopyFiles */ = {isa = PBXBuildFile; fileRef = 8ECD2432135334000067D02E /* Backward_Press.png */; };
		C3E47AB714A6EA7400BD4223 /* Backward.png in CopyFiles */ = {isa = PBXBuildFile; fileRef = 8ECD2433135334000067D02E /* Backward.png */; };
		C3E47AB814A6EA7400BD4223 /* Control_Down_Background.png in CopyFiles */ = {isa = PBXBuildFile; fileRef = 8ECD2434135334000067D02E /* Control_Down_Background.png */; };
		C3E47AB914A6EA7400BD4223 /* Control_Up_Background.png in CopyFiles */ = {isa = PBXBuildFile; fileRef = 8ECD2435135334000067D02E /* Control_Up_Background.png */; };
		C3E47ABA14A6EA7400BD4223 /* Forward_Normal_Small.png in CopyFiles */ = {isa = PBXBuildFile; fileRef = 8ECD2436135334000067D02E /* Forward_Normal_Small.png */; };
		C3E47ABB14A6EA7400BD4223 /* Forward_Normal.png in CopyFiles */ = {isa = PBXBuildFile; fileRef = 8ECD2437135334000067D02E /* Forward_Normal.png */; };
		C3E47ABC14A6EA7400BD4223 /* Forward_Press_Small.png in CopyFiles */ = {isa = PBXBuildFile; fileRef = 8ECD2438135334000067D02E /* Forward_Press_Small.png */; };
		C3E47ABD14A6EA7400BD4223 /* Forward_Press.png in CopyFiles */ = {isa = PBXBuildFile; fileRef = 8ECD2439135334000067D02E /* Forward_Press.png */; };
		C3E47ABE14A6EA7400BD4223 /* Forward.png in CopyFiles */ = {isa = PBXBuildFile; fileRef = 8ECD243A135334000067D02E /* Forward.png */; };
		C3E47ABF14A6EA7400BD4223 /* Pause_Normal_Small.png in CopyFiles */ = {isa = PBXBuildFile; fileRef = 8ECD2442135334000067D02E /* Pause_Normal_Small.png */; };
		C3E47AC014A6EA7400BD4223 /* Pause_Normal.png in CopyFiles */ = {isa = PBXBuildFile; fileRef = 8ECD2443135334000067D02E /* Pause_Normal.png */; };
		C3E47AC114A6EA7400BD4223 /* Pause_Press_Small.png in CopyFiles */ = {isa = PBXBuildFile; fileRef = 8ECD2444135334000067D02E /* Pause_Press_Small.png */; };
		C3E47AC214A6EA7400BD4223 /* Pause_Press.png in CopyFiles */ = {isa = PBXBuildFile; fileRef = 8ECD2445135334000067D02E /* Pause_Press.png */; };
		C3E47AC314A6EA7400BD4223 /* Play_Normal_Small.png in CopyFiles */ = {isa = PBXBuildFile; fileRef = 8ECD2446135334000067D02E /* Play_Normal_Small.png */; };
		C3E47AC414A6EA7400BD4223 /* Play_Normal.png in CopyFiles */ = {isa = PBXBuildFile; fileRef = 8ECD2447135334000067D02E /* Play_Normal.png */; };
		C3E47AC514A6EA7400BD4223 /* Play_Press_Small.png in CopyFiles */ = {isa = PBXBuildFile; fileRef = 8ECD2448135334000067D02E /* Play_Press_Small.png */; };
		C3E47AC614A6EA7400BD4223 /* Play_Press.png in CopyFiles */ = {isa = PBXBuildFile; fileRef = 8ECD2449135334000067D02E /* Play_Press.png */; };
		C3E47AC714A6EA7400BD4223 /* Plyer_Audio_background.png in CopyFiles */ = {isa = PBXBuildFile; fileRef = 8ECD244A135334000067D02E /* Plyer_Audio_background.png */; };
/* End PBXBuildFile section */

/* Begin PBXCopyFilesBuildPhase section */
		C3E47AAB14A6EA6200BD4223 /* CopyFiles */ = {
			isa = PBXCopyFilesBuildPhase;
			buildActionMask = 2147483647;
			dstPath = "";
			dstSubfolderSpec = 7;
			files = (
				C3E47AAC14A6EA7400BD4223 /* Exit.png in CopyFiles */,
				C3E47AB314A6EA7400BD4223 /* Backward_Normal_Small.png in CopyFiles */,
				C3E47AB414A6EA7400BD4223 /* Backward_Normal.png in CopyFiles */,
				C3E47AB514A6EA7400BD4223 /* Backward_Press_Small.png in CopyFiles */,
				C3E47AB614A6EA7400BD4223 /* Backward_Press.png in CopyFiles */,
				C3E47AB714A6EA7400BD4223 /* Backward.png in CopyFiles */,
				C3E47AB814A6EA7400BD4223 /* Control_Down_Background.png in CopyFiles */,
				C3E47AB914A6EA7400BD4223 /* Control_Up_Background.png in CopyFiles */,
				C3E47ABA14A6EA7400BD4223 /* Forward_Normal_Small.png in CopyFiles */,
				C3E47ABB14A6EA7400BD4223 /* Forward_Normal.png in CopyFiles */,
				C3E47ABC14A6EA7400BD4223 /* Forward_Press_Small.png in CopyFiles */,
				C3E47ABD14A6EA7400BD4223 /* Forward_Press.png in CopyFiles */,
				C3E47ABE14A6EA7400BD4223 /* Forward.png in CopyFiles */,
				C3E47ABF14A6EA7400BD4223 /* Pause_Normal_Small.png in CopyFiles */,
				C3E47AC014A6EA7400BD4223 /* Pause_Normal.png in CopyFiles */,
				C3E47AC114A6EA7400BD4223 /* Pause_Press_Small.png in CopyFiles */,
				C3E47AC214A6EA7400BD4223 /* Pause_Press.png in CopyFiles */,
				C3E47AC314A6EA7400BD4223 /* Play_Normal_Small.png in CopyFiles */,
				C3E47AC414A6EA7400BD4223 /* Play_Normal.png in CopyFiles */,
				C3E47AC514A6EA7400BD4223 /* Play_Press_Small.png in CopyFiles */,
				C3E47AC614A6EA7400BD4223 /* Play_Press.png in CopyFiles */,
				C3E47AC714A6EA7400BD4223 /* Plyer_Audio_background.png in CopyFiles */,
			);
			runOnlyForDeploymentPostprocessing = 0;
		};
/* End PBXCopyFilesBuildPhase section */

/* Begin PBXFileReference section */
		1D30AB110D05D00D00671497 /* Foundation.framework */ = {isa = PBXFileReference; lastKnownFileType = wrapper.framework; name = Foundation.framework; path = System/Library/Frameworks/Foundation.framework; sourceTree = SDKROOT; };
		1DF5F4DF0D08C38300B7A737 /* UIKit.framework */ = {isa = PBXFileReference; lastKnownFileType = wrapper.framework; name = UIKit.framework; path = System/Library/Frameworks/UIKit.framework; sourceTree = SDKROOT; };
		288765FC0DF74451002DB57D /* CoreGraphics.framework */ = {isa = PBXFileReference; lastKnownFileType = wrapper.framework; name = CoreGraphics.framework; path = System/Library/Frameworks/CoreGraphics.framework; sourceTree = SDKROOT; };
		8EB7EFA51353F94B0042C754 /* OpenGLES.framework */ = {isa = PBXFileReference; lastKnownFileType = wrapper.framework; name = OpenGLES.framework; path = System/Library/Frameworks/OpenGLES.framework; sourceTree = SDKROOT; };
		8EB7EFB11353F9730042C754 /* OpenAL.framework */ = {isa = PBXFileReference; lastKnownFileType = wrapper.framework; name = OpenAL.framework; path = System/Library/Frameworks/OpenAL.framework; sourceTree = SDKROOT; };
		8EB7EFB61353F9800042C754 /* AudioToolbox.framework */ = {isa = PBXFileReference; lastKnownFileType = wrapper.framework; name = AudioToolbox.framework; path = System/Library/Frameworks/AudioToolbox.framework; sourceTree = SDKROOT; };
		8EB7F0331353FA310042C754 /* QuartzCore.framework */ = {isa = PBXFileReference; lastKnownFileType = wrapper.framework; name = QuartzCore.framework; path = System/Library/Frameworks/QuartzCore.framework; sourceTree = SDKROOT; };
		8ECB86A0134B65FC00DF9E15 /* MediaPlayer.framework */ = {isa = PBXFileReference; lastKnownFileType = wrapper.framework; name = MediaPlayer.framework; path = System/Library/Frameworks/MediaPlayer.framework; sourceTree = SDKROOT; };
		8ECD2422135332250067D02E /* ViewPlayerController.h */ = {isa = PBXFileReference; fileEncoding = 4; lastKnownFileType = sourcecode.c.h; lineEnding = 0; path = ViewPlayerController.h; sourceTree = "<group>"; xcLanguageSpecificationIdentifier = xcode.lang.objcpp; };
		8ECD2423135332250067D02E /* ViewPlayerController.mm */ = {isa = PBXFileReference; fileEncoding = 4; lastKnownFileType = sourcecode.cpp.objcpp; lineEnding = 0; path = ViewPlayerController.mm; sourceTree = "<group>"; xcLanguageSpecificationIdentifier = xcode.lang.objcpp; };
		8ECD242C135333C10067D02E /* PlayerView.h */ = {isa = PBXFileReference; fileEncoding = 4; lastKnownFileType = sourcecode.c.h; path = PlayerView.h; sourceTree = "<group>"; };
		8ECD242D135333C10067D02E /* PlayerView.mm */ = {isa = PBXFileReference; fileEncoding = 4; lastKnownFileType = sourcecode.cpp.objcpp; path = PlayerView.mm; sourceTree = "<group>"; };
		8ECD242F135334000067D02E /* Backward_Normal_Small.png */ = {isa = PBXFileReference; lastKnownFileType = image.png; name = Backward_Normal_Small.png; path = Picture/Backward_Normal_Small.png; sourceTree = "<group>"; };
		8ECD2430135334000067D02E /* Backward_Normal.png */ = {isa = PBXFileReference; lastKnownFileType = image.png; name = Backward_Normal.png; path = Picture/Backward_Normal.png; sourceTree = "<group>"; };
		8ECD2431135334000067D02E /* Backward_Press_Small.png */ = {isa = PBXFileReference; lastKnownFileType = image.png; name = Backward_Press_Small.png; path = Picture/Backward_Press_Small.png; sourceTree = "<group>"; };
		8ECD2432135334000067D02E /* Backward_Press.png */ = {isa = PBXFileReference; lastKnownFileType = image.png; name = Backward_Press.png; path = Picture/Backward_Press.png; sourceTree = "<group>"; };
		8ECD2433135334000067D02E /* Backward.png */ = {isa = PBXFileReference; lastKnownFileType = image.png; name = Backward.png; path = Picture/Backward.png; sourceTree = "<group>"; };
		8ECD2434135334000067D02E /* Control_Down_Background.png */ = {isa = PBXFileReference; lastKnownFileType = image.png; name = Control_Down_Background.png; path = Picture/Control_Down_Background.png; sourceTree = "<group>"; };
		8ECD2435135334000067D02E /* Control_Up_Background.png */ = {isa = PBXFileReference; lastKnownFileType = image.png; name = Control_Up_Background.png; path = Picture/Control_Up_Background.png; sourceTree = "<group>"; };
		8ECD2436135334000067D02E /* Forward_Normal_Small.png */ = {isa = PBXFileReference; lastKnownFileType = image.png; name = Forward_Normal_Small.png; path = Picture/Forward_Normal_Small.png; sourceTree = "<group>"; };
		8ECD2437135334000067D02E /* Forward_Normal.png */ = {isa = PBXFileReference; lastKnownFileType = image.png; name = Forward_Normal.png; path = Picture/Forward_Normal.png; sourceTree = "<group>"; };
		8ECD2438135334000067D02E /* Forward_Press_Small.png */ = {isa = PBXFileReference; lastKnownFileType = image.png; name = Forward_Press_Small.png; path = Picture/Forward_Press_Small.png; sourceTree = "<group>"; };
		8ECD2439135334000067D02E /* Forward_Press.png */ = {isa = PBXFileReference; lastKnownFileType = image.png; name = Forward_Press.png; path = Picture/Forward_Press.png; sourceTree = "<group>"; };
		8ECD243A135334000067D02E /* Forward.png */ = {isa = PBXFileReference; lastKnownFileType = image.png; name = Forward.png; path = Picture/Forward.png; sourceTree = "<group>"; };
		8ECD2442135334000067D02E /* Pause_Normal_Small.png */ = {isa = PBXFileReference; lastKnownFileType = image.png; name = Pause_Normal_Small.png; path = Picture/Pause_Normal_Small.png; sourceTree = "<group>"; };
		8ECD2443135334000067D02E /* Pause_Normal.png */ = {isa = PBXFileReference; lastKnownFileType = image.png; name = Pause_Normal.png; path = Picture/Pause_Normal.png; sourceTree = "<group>"; };
		8ECD2444135334000067D02E /* Pause_Press_Small.png */ = {isa = PBXFileReference; lastKnownFileType = image.png; name = Pause_Press_Small.png; path = Picture/Pause_Press_Small.png; sourceTree = "<group>"; };
		8ECD2445135334000067D02E /* Pause_Press.png */ = {isa = PBXFileReference; lastKnownFileType = image.png; name = Pause_Press.png; path = Picture/Pause_Press.png; sourceTree = "<group>"; };
		8ECD2446135334000067D02E /* Play_Normal_Small.png */ = {isa = PBXFileReference; lastKnownFileType = image.png; name = Play_Normal_Small.png; path = Picture/Play_Normal_Small.png; sourceTree = "<group>"; };
		8ECD2447135334000067D02E /* Play_Normal.png */ = {isa = PBXFileReference; lastKnownFileType = image.png; name = Play_Normal.png; path = Picture/Play_Normal.png; sourceTree = "<group>"; };
		8ECD2448135334000067D02E /* Play_Press_Small.png */ = {isa = PBXFileReference; lastKnownFileType = image.png; name = Play_Press_Small.png; path = Picture/Play_Press_Small.png; sourceTree = "<group>"; };
		8ECD2449135334000067D02E /* Play_Press.png */ = {isa = PBXFileReference; lastKnownFileType = image.png; name = Play_Press.png; path = Picture/Play_Press.png; sourceTree = "<group>"; };
		8ECD244A135334000067D02E /* Plyer_Audio_background.png */ = {isa = PBXFileReference; lastKnownFileType = image.png; name = Plyer_Audio_background.png; path = Picture/Plyer_Audio_background.png; sourceTree = "<group>"; };
		8EF38C02138AAE5F00854811 /* Exit.png */ = {isa = PBXFileReference; lastKnownFileType = image.png; name = Exit.png; path = Picture/Exit.png; sourceTree = "<group>"; };
		8EF38C53138AAEE400854811 /* Common1.h */ = {isa = PBXFileReference; fileEncoding = 4; lastKnownFileType = sourcecode.c.h; lineEnding = 0; path = Common1.h; sourceTree = "<group>"; xcLanguageSpecificationIdentifier = xcode.lang.objcpp; };
		8EF38C54138AAEE400854811 /* Common1.mm */ = {isa = PBXFileReference; fileEncoding = 4; lastKnownFileType = sourcecode.cpp.objcpp; lineEnding = 0; path = Common1.mm; sourceTree = "<group>"; xcLanguageSpecificationIdentifier = xcode.lang.objcpp; };
		8EF38C61138AAEE400854811 /* PlayerAppDelegate.h */ = {isa = PBXFileReference; fileEncoding = 4; lastKnownFileType = sourcecode.c.h; lineEnding = 0; path = PlayerAppDelegate.h; sourceTree = "<group>"; xcLanguageSpecificationIdentifier = xcode.lang.objcpp; };
		8EF38C62138AAEE400854811 /* PlayerAppDelegate.mm */ = {isa = PBXFileReference; fileEncoding = 4; lastKnownFileType = sourcecode.cpp.objcpp; lineEnding = 0; path = PlayerAppDelegate.mm; sourceTree = "<group>"; xcLanguageSpecificationIdentifier = xcode.lang.objcpp; };
		8EF38C82138AAEF500854811 /* English */ = {isa = PBXFileReference; lastKnownFileType = file.xib; name = English; path = English.lproj/MainWindow.xib; sourceTree = "<group>"; };
		8EF38C86138AAEF500854811 /* English */ = {isa = PBXFileReference; lastKnownFileType = file.xib; name = English; path = English.lproj/ViewPlayerController.xib; sourceTree = "<group>"; };
		8EF38CF7138AB36000854811 /* main.mm */ = {isa = PBXFileReference; fileEncoding = 4; lastKnownFileType = sourcecode.cpp.objcpp; lineEnding = 0; path = main.mm; sourceTree = SOURCE_ROOT; xcLanguageSpecificationIdentifier = xcode.lang.objcpp; };
		8EF38F54138AC56C00854811 /* SystemConfiguration.framework */ = {isa = PBXFileReference; lastKnownFileType = wrapper.framework; name = SystemConfiguration.framework; path = System/Library/Frameworks/SystemConfiguration.framework; sourceTree = SDKROOT; };
		8EF38FE9138ACAFC00854811 /* AVFoundation.framework */ = {isa = PBXFileReference; lastKnownFileType = wrapper.framework; name = AVFoundation.framework; path = System/Library/Frameworks/AVFoundation.framework; sourceTree = SDKROOT; };
		8EF39003138ACBA400854811 /* LocalPlayer-Info.plist */ = {isa = PBXFileReference; fileEncoding = 4; lastKnownFileType = text.plist.xml; path = "LocalPlayer-Info.plist"; sourceTree = "<group>"; };
		C338D75114A72E7500A8978B /* IConvWrapper.cpp */ = {isa = PBXFileReference; fileEncoding = 4; lastKnownFileType = sourcecode.cpp.cpp; path = IConvWrapper.cpp; sourceTree = "<group>"; };
		C338D75214A72E7500A8978B /* IConvWrapper.h */ = {isa = PBXFileReference; fileEncoding = 4; lastKnownFileType = sourcecode.c.h; path = IConvWrapper.h; sourceTree = "<group>"; };
		C3A9D3D414A5983400FBBB38 /* AVLocalPlayer.h */ = {isa = PBXFileReference; fileEncoding = 4; lastKnownFileType = sourcecode.c.h; path = AVLocalPlayer.h; sourceTree = "<group>"; };
		C3A9D3D514A5983400FBBB38 /* AVLocalPlayer.mm */ = {isa = PBXFileReference; fileEncoding = 4; lastKnownFileType = sourcecode.cpp.objcpp; path = AVLocalPlayer.mm; sourceTree = "<group>"; };
		C3A9D3DA14A5983400FBBB38 /* Common.h */ = {isa = PBXFileReference; fileEncoding = 4; lastKnownFileType = sourcecode.c.h; lineEnding = 0; path = Common.h; sourceTree = "<group>"; xcLanguageSpecificationIdentifier = xcode.lang.objcpp; };
		C3A9D3DB14A5983400FBBB38 /* CommonInterface.h */ = {isa = PBXFileReference; fileEncoding = 4; lastKnownFileType = sourcecode.c.h; path = CommonInterface.h; sourceTree = "<group>"; };
		C3A9D3DC14A5983400FBBB38 /* LocalPlayer.cpp */ = {isa = PBXFileReference; fileEncoding = 4; lastKnownFileType = sourcecode.cpp.cpp; path = LocalPlayer.cpp; sourceTree = "<group>"; };
		C3A9D3DD14A5983500FBBB38 /* LocalPlayer.h */ = {isa = PBXFileReference; fileEncoding = 4; lastKnownFileType = sourcecode.c.h; path = LocalPlayer.h; sourceTree = "<group>"; };
		C3A9D3E114A5983500FBBB38 /* PacketQueue.cpp */ = {isa = PBXFileReference; fileEncoding = 4; lastKnownFileType = sourcecode.cpp.cpp; lineEnding = 0; path = PacketQueue.cpp; sourceTree = "<group>"; xcLanguageSpecificationIdentifier = xcode.lang.cpp; };
		C3A9D3E214A5983500FBBB38 /* PacketQueue.h */ = {isa = PBXFileReference; fileEncoding = 4; lastKnownFileType = sourcecode.c.h; lineEnding = 0; path = PacketQueue.h; sourceTree = "<group>"; xcLanguageSpecificationIdentifier = xcode.lang.objcpp; };
		C3A9D3E314A5983500FBBB38 /* PlayerException.cpp */ = {isa = PBXFileReference; fileEncoding = 4; lastKnownFileType = sourcecode.cpp.cpp; lineEnding = 0; path = PlayerException.cpp; sourceTree = "<group>"; xcLanguageSpecificationIdentifier = xcode.lang.cpp; };
		C3A9D3E414A5983500FBBB38 /* PlayerException.h */ = {isa = PBXFileReference; fileEncoding = 4; lastKnownFileType = sourcecode.c.h; lineEnding = 0; path = PlayerException.h; sourceTree = "<group>"; xcLanguageSpecificationIdentifier = xcode.lang.objcpp; };
		C3A9D3E514A5983500FBBB38 /* SampleFmt.c */ = {isa = PBXFileReference; fileEncoding = 4; lastKnownFileType = sourcecode.c.c; path = SampleFmt.c; sourceTree = "<group>"; };
		C3A9D3E614A5983500FBBB38 /* SampleFmt.h */ = {isa = PBXFileReference; fileEncoding = 4; lastKnownFileType = sourcecode.c.h; path = SampleFmt.h; sourceTree = "<group>"; };
		C3A9D3E714A5983500FBBB38 /* SplitString.h */ = {isa = PBXFileReference; fileEncoding = 4; lastKnownFileType = sourcecode.c.h; path = SplitString.h; sourceTree = "<group>"; };
		C3A9D3E814A5983500FBBB38 /* SrtSubTitleReader.cpp */ = {isa = PBXFileReference; fileEncoding = 4; lastKnownFileType = sourcecode.cpp.cpp; path = SrtSubTitleReader.cpp; sourceTree = "<group>"; };
		C3A9D3E914A5983600FBBB38 /* SrtSubTitleReader.h */ = {isa = PBXFileReference; fileEncoding = 4; lastKnownFileType = sourcecode.c.h; path = SrtSubTitleReader.h; sourceTree = "<group>"; };
		C3A9D3EA14A5983600FBBB38 /* TextFileReader.cpp */ = {isa = PBXFileReference; fileEncoding = 4; lastKnownFileType = sourcecode.cpp.cpp; path = TextFileReader.cpp; sourceTree = "<group>"; };
		C3A9D3EB14A5983600FBBB38 /* TextFileReader.h */ = {isa = PBXFileReference; fileEncoding = 4; lastKnownFileType = sourcecode.c.h; path = TextFileReader.h; sourceTree = "<group>"; };
		C3A9E98E14A5B4B200FBBB38 /* libavcodec.a */ = {isa = PBXFileReference; lastKnownFileType = archive.ar; name = libavcodec.a; path = lib/libavcodec.a; sourceTree = "<group>"; };
		C3A9E98F14A5B4B200FBBB38 /* libavdevice.a */ = {isa = PBXFileReference; lastKnownFileType = archive.ar; name = libavdevice.a; path = lib/libavdevice.a; sourceTree = "<group>"; };
		C3A9E99014A5B4B200FBBB38 /* libavformat.a */ = {isa = PBXFileReference; lastKnownFileType = archive.ar; name = libavformat.a; path = lib/libavformat.a; sourceTree = "<group>"; };
		C3A9E99114A5B4B200FBBB38 /* libavutil.a */ = {isa = PBXFileReference; lastKnownFileType = archive.ar; name = libavutil.a; path = lib/libavutil.a; sourceTree = "<group>"; };
		C3A9E99214A5B4B200FBBB38 /* libswscale.a */ = {isa = PBXFileReference; lastKnownFileType = archive.ar; name = libswscale.a; path = lib/libswscale.a; sourceTree = "<group>"; };
		C3A9E99814A5BAF700FBBB38 /* libiconv.dylib */ = {isa = PBXFileReference; lastKnownFileType = "compiled.mach-o.dylib"; name = libiconv.dylib; path = usr/lib/libiconv.dylib; sourceTree = SDKROOT; };
		C3E47A9C14A6E74200BD4223 /* LocalPlayer.framework */ = {isa = PBXFileReference; explicitFileType = wrapper.cfbundle; includeInIndex = 0; path = LocalPlayer.framework; sourceTree = BUILT_PRODUCTS_DIR; };
		C3E47A9D14A6E74200BD4223 /* CoreFoundation.framework */ = {isa = PBXFileReference; lastKnownFileType = wrapper.framework; name = CoreFoundation.framework; path = System/Library/Frameworks/CoreFoundation.framework; sourceTree = SDKROOT; };
		C3E47AC814A71C8400BD4223 /* libz.dylib */ = {isa = PBXFileReference; lastKnownFileType = "compiled.mach-o.dylib"; name = libz.dylib; path = usr/lib/libz.dylib; sourceTree = SDKROOT; };
/* End PBXFileReference section */

/* Begin PBXFrameworksBuildPhase section */
		C3E47A9914A6E74200BD4223 /* Frameworks */ = {
			isa = PBXFrameworksBuildPhase;
			buildActionMask = 2147483647;
			files = (
				C3E47A9E14A6E74200BD4223 /* CoreFoundation.framework in Frameworks */,
			);
			runOnlyForDeploymentPostprocessing = 0;
		};
/* End PBXFrameworksBuildPhase section */

/* Begin PBXGroup section */
		080E96DDFE201D6D7F000001 /* Classes */ = {
			isa = PBXGroup;
			children = (
				C338D75114A72E7500A8978B /* IConvWrapper.cpp */,
				C338D75214A72E7500A8978B /* IConvWrapper.h */,
				C3A9D3D414A5983400FBBB38 /* AVLocalPlayer.h */,
				C3A9D3D514A5983400FBBB38 /* AVLocalPlayer.mm */,
				C3A9D3DA14A5983400FBBB38 /* Common.h */,
				C3A9D3DB14A5983400FBBB38 /* CommonInterface.h */,
				C3A9D3DC14A5983400FBBB38 /* LocalPlayer.cpp */,
				C3A9D3DD14A5983500FBBB38 /* LocalPlayer.h */,
				C3A9D3E114A5983500FBBB38 /* PacketQueue.cpp */,
				C3A9D3E214A5983500FBBB38 /* PacketQueue.h */,
				C3A9D3E314A5983500FBBB38 /* PlayerException.cpp */,
				C3A9D3E414A5983500FBBB38 /* PlayerException.h */,
				C3A9D3E514A5983500FBBB38 /* SampleFmt.c */,
				C3A9D3E614A5983500FBBB38 /* SampleFmt.h */,
				C3A9D3E714A5983500FBBB38 /* SplitString.h */,
				C3A9D3E814A5983500FBBB38 /* SrtSubTitleReader.cpp */,
				C3A9D3E914A5983600FBBB38 /* SrtSubTitleReader.h */,
				C3A9D3EA14A5983600FBBB38 /* TextFileReader.cpp */,
				C3A9D3EB14A5983600FBBB38 /* TextFileReader.h */,
				8EF38CF7138AB36000854811 /* main.mm */,
				8EF38C53138AAEE400854811 /* Common1.h */,
				8EF38C54138AAEE400854811 /* Common1.mm */,
				8EF38C61138AAEE400854811 /* PlayerAppDelegate.h */,
				8EF38C62138AAEE400854811 /* PlayerAppDelegate.mm */,
				8ECD242C135333C10067D02E /* PlayerView.h */,
				8ECD242D135333C10067D02E /* PlayerView.mm */,
				8ECD2422135332250067D02E /* ViewPlayerController.h */,
				8ECD2423135332250067D02E /* ViewPlayerController.mm */,
			);
			path = Classes;
			sourceTree = "<group>";
		};
		19C28FACFE9D520D11CA2CBB /* Products */ = {
			isa = PBXGroup;
			children = (
				C3E47A9C14A6E74200BD4223 /* LocalPlayer.framework */,
			);
			name = Products;
			sourceTree = "<group>";
		};
		29B97314FDCFA39411CA2CEA /* CustomTemplate */ = {
			isa = PBXGroup;
			children = (
				080E96DDFE201D6D7F000001 /* Classes */,
				29B97315FDCFA39411CA2CEA /* Other Sources */,
				29B97317FDCFA39411CA2CEA /* Resources */,
				29B97323FDCFA39411CA2CEA /* Frameworks */,
				19C28FACFE9D520D11CA2CBB /* Products */,
			);
			name = CustomTemplate;
			sourceTree = "<group>";
		};
		29B97315FDCFA39411CA2CEA /* Other Sources */ = {
			isa = PBXGroup;
			children = (
				8EF39003138ACBA400854811 /* LocalPlayer-Info.plist */,
				8EF38C81138AAEF500854811 /* MainWindow.xib */,
				8EF38C85138AAEF500854811 /* ViewPlayerController.xib */,
			);
			name = "Other Sources";
			sourceTree = "<group>";
		};
		29B97317FDCFA39411CA2CEA /* Resources */ = {
			isa = PBXGroup;
			children = (
				8EF38C02138AAE5F00854811 /* Exit.png */,
				8ECD242F135334000067D02E /* Backward_Normal_Small.png */,
				8ECD2430135334000067D02E /* Backward_Normal.png */,
				8ECD2431135334000067D02E /* Backward_Press_Small.png */,
				8ECD2432135334000067D02E /* Backward_Press.png */,
				8ECD2433135334000067D02E /* Backward.png */,
				8ECD2434135334000067D02E /* Control_Down_Background.png */,
				8ECD2435135334000067D02E /* Control_Up_Background.png */,
				8ECD2436135334000067D02E /* Forward_Normal_Small.png */,
				8ECD2437135334000067D02E /* Forward_Normal.png */,
				8ECD2438135334000067D02E /* Forward_Press_Small.png */,
				8ECD2439135334000067D02E /* Forward_Press.png */,
				8ECD243A135334000067D02E /* Forward.png */,
				8ECD2442135334000067D02E /* Pause_Normal_Small.png */,
				8ECD2443135334000067D02E /* Pause_Normal.png */,
				8ECD2444135334000067D02E /* Pause_Press_Small.png */,
				8ECD2445135334000067D02E /* Pause_Press.png */,
				8ECD2446135334000067D02E /* Play_Normal_Small.png */,
				8ECD2447135334000067D02E /* Play_Normal.png */,
				8ECD2448135334000067D02E /* Play_Press_Small.png */,
				8ECD2449135334000067D02E /* Play_Press.png */,
				8ECD244A135334000067D02E /* Plyer_Audio_background.png */,
			);
			name = Resources;
			sourceTree = "<group>";
		};
		29B97323FDCFA39411CA2CEA /* Frameworks */ = {
			isa = PBXGroup;
			children = (
				1DF5F4DF0D08C38300B7A737 /* UIKit.framework */,
				1D30AB110D05D00D00671497 /* Foundation.framework */,
				288765FC0DF74451002DB57D /* CoreGraphics.framework */,
				8ECB86A0134B65FC00DF9E15 /* MediaPlayer.framework */,
				8EB7EFA51353F94B0042C754 /* OpenGLES.framework */,
				8EB7F0331353FA310042C754 /* QuartzCore.framework */,
				8EF38F54138AC56C00854811 /* SystemConfiguration.framework */,
				8EB7EFB11353F9730042C754 /* OpenAL.framework */,
				8EF38FE9138ACAFC00854811 /* AVFoundation.framework */,
				8EB7EFB61353F9800042C754 /* AudioToolbox.framework */,
				C3A9E99814A5BAF700FBBB38 /* libiconv.dylib */,
				C3E47AC814A71C8400BD4223 /* libz.dylib */,
				C3A9E98E14A5B4B200FBBB38 /* libavcodec.a */,
				C3A9E98F14A5B4B200FBBB38 /* libavdevice.a */,
				C3A9E99014A5B4B200FBBB38 /* libavformat.a */,
				C3A9E99114A5B4B200FBBB38 /* libavutil.a */,
				C3A9E99214A5B4B200FBBB38 /* libswscale.a */,
				C3E47A9D14A6E74200BD4223 /* CoreFoundation.framework */,
			);
			name = Frameworks;
			sourceTree = "<group>";
		};
/* End PBXGroup section */

/* Begin PBXHeadersBuildPhase section */
		C3E47AAA14A6E9C400BD4223 /* Headers */ = {
			isa = PBXHeadersBuildPhase;
			buildActionMask = 2147483647;
			files = (
				C338D75414A72E7500A8978B /* IConvWrapper.h in Headers */,
			);
			runOnlyForDeploymentPostprocessing = 0;
		};
/* End PBXHeadersBuildPhase section */

/* Begin PBXNativeTarget section */
		C3E47A9B14A6E74200BD4223 /* LocalPlayer */ = {
			isa = PBXNativeTarget;
			buildConfigurationList = C3E47AA614A6E74200BD4223 /* Build configuration list for PBXNativeTarget "LocalPlayer" */;
			buildPhases = (
				C3E47A9814A6E74200BD4223 /* Sources */,
				C3E47A9914A6E74200BD4223 /* Frameworks */,
				C3E47A9A14A6E74200BD4223 /* Resources */,
				C3E47AAA14A6E9C400BD4223 /* Headers */,
				C3E47AAB14A6EA6200BD4223 /* CopyFiles */,
			);
			buildRules = (
			);
			dependencies = (
			);
			name = LocalPlayer;
			productName = Player;
			productReference = C3E47A9C14A6E74200BD4223 /* LocalPlayer.framework */;
			productType = "com.apple.product-type.bundle";
		};
/* End PBXNativeTarget section */

/* Begin PBXProject section */
		29B97313FDCFA39411CA2CEA /* Project object */ = {
			isa = PBXProject;
			attributes = {
				ORGANIZATIONNAME = viki;
			};
			buildConfigurationList = C01FCF4E08A954540054247B /* Build configuration list for PBXProject "LocalPlayer" */;
			compatibilityVersion = "Xcode 3.1";
			developmentRegion = English;
			hasScannedForEncodings = 1;
			knownRegions = (
				English,
				Japanese,
				French,
				German,
				zh_CN,
				en,
			);
			mainGroup = 29B97314FDCFA39411CA2CEA /* CustomTemplate */;
			projectDirPath = "";
			projectRoot = "";
			targets = (
				C3E47A9B14A6E74200BD4223 /* LocalPlayer */,
				C338D74614A723A200A8978B /* LIPO */,
			);
		};
/* End PBXProject section */

/* Begin PBXResourcesBuildPhase section */
		C3E47A9A14A6E74200BD4223 /* Resources */ = {
			isa = PBXResourcesBuildPhase;
			buildActionMask = 2147483647;
			files = (
			);
			runOnlyForDeploymentPostprocessing = 0;
		};
/* End PBXResourcesBuildPhase section */

/* Begin PBXShellScriptBuildPhase section */
		C338D74C14A723EE00A8978B /* ShellScript */ = {
			isa = PBXShellScriptBuildPhase;
			buildActionMask = 2147483647;
			files = (
			);
			inputPaths = (
			);
			outputPaths = (
			);
			runOnlyForDeploymentPostprocessing = 0;
			shellPath = /bin/sh;
			shellScript = "if [ \"${ACTION}\" = \"build\" ]  \nthen  \n# Set the target folders and the final framework product.  \nINSTALL_DIR=${SYMROOT}/LocalPlayer.framework  \nDEVICE_DIR=${SYMROOT}/Release-iphoneos  \nSIMULATOR_DIR=${SYMROOT}/Release-iphonesimulator  \n\n# Create and renews the final product folder.  \nmkdir -p \"${INSTALL_DIR}\"  \nrm -rf \"${INSTALL_DIR}\"  \nrm -rf \"${INSTALL_DIR}/LocalPlayer\"  \n\n# Copy the header files to the final product folder.  \nditto \"${DEVICE_DIR}/LocalPlayer.framework/Headers\" \"${INSTALL_DIR}/Headers\"  \n\n# Use the Lipo Tool to merge both binary files (i386 + armv6/armv7) into one Universal final product.  \nlipo -create \"${DEVICE_DIR}/LocalPlayer.framework/LocalPlayer\" \"${SIMULATOR_DIR}/LocalPlayer.framework/LocalPlayer\" -output \"${INSTALL_DIR}/LocalPlayer\"  \nfi  ";
		};
/* End PBXShellScriptBuildPhase section */

/* Begin PBXSourcesBuildPhase section */
		C3E47A9814A6E74200BD4223 /* Sources */ = {
			isa = PBXSourcesBuildPhase;
			buildActionMask = 2147483647;
			files = (
				C338D75314A72E7500A8978B /* IConvWrapper.cpp in Sources */,
			);
			runOnlyForDeploymentPostprocessing = 0;
		};
/* End PBXSourcesBuildPhase section */

/* Begin PBXVariantGroup section */
		8EF38C81138AAEF500854811 /* MainWindow.xib */ = {
			isa = PBXVariantGroup;
			children = (
				8EF38C82138AAEF500854811 /* English */,
			);
			name = MainWindow.xib;
			sourceTree = "<group>";
		};
		8EF38C85138AAEF500854811 /* ViewPlayerController.xib */ = {
			isa = PBXVariantGroup;
			children = (
				8EF38C86138AAEF500854811 /* English */,
			);
			name = ViewPlayerController.xib;
			sourceTree = "<group>";
		};
/* End PBXVariantGroup section */

/* Begin XCBuildConfiguration section */
		8EB433C61362EDB1000625A4 /* Release-Upload */ = {
			isa = XCBuildConfiguration;
			buildSettings = {
				ARCHS = "$(ARCHS_STANDARD_32_BIT)";
				"CODE_SIGN_IDENTITY[sdk=iphoneos*]" = "iPhone Distribution";
				GCC_C_LANGUAGE_STANDARD = c99;
				GCC_THUMB_SUPPORT = NO;
				GCC_WARN_ABOUT_RETURN_TYPE = YES;
				GCC_WARN_UNUSED_VARIABLE = YES;
				HEADER_SEARCH_PATHS = "";
				IPHONEOS_DEPLOYMENT_TARGET = 3.0;
				LIBRARY_SEARCH_PATHS = "";
				OTHER_CFLAGS = "-DNS_BLOCK_ASSERTIONS=1";
				PREBINDING = NO;
				"PROVISIONING_PROFILE[sdk=iphoneos*]" = "";
				SDKROOT = iphoneos4.1;
			};
			name = "Release-Upload";
		};
		C01FCF4F08A954540054247B /* Debug */ = {
			isa = XCBuildConfiguration;
			buildSettings = {
				ARCHS = "$(ARCHS_STANDARD_32_BIT)";
				"CODE_SIGN_IDENTITY[sdk=iphoneos*]" = "iPhone Developer";
				GCC_C_LANGUAGE_STANDARD = c99;
				GCC_WARN_ABOUT_RETURN_TYPE = YES;
				GCC_WARN_UNUSED_VARIABLE = YES;
				HEADER_SEARCH_PATHS = "";
				IPHONEOS_DEPLOYMENT_TARGET = 3.0;
				LIBRARY_SEARCH_PATHS = "";
				PREBINDING = NO;
				SDKROOT = iphoneos4.1;
			};
			name = Debug;
		};
		C01FCF5008A954540054247B /* Release */ = {
			isa = XCBuildConfiguration;
			buildSettings = {
				ARCHS = "$(ARCHS_STANDARD_32_BIT)";
				"CODE_SIGN_IDENTITY[sdk=iphoneos*]" = "iPhone Developer";
				GCC_C_LANGUAGE_STANDARD = c99;
				GCC_WARN_ABOUT_RETURN_TYPE = YES;
				GCC_WARN_UNUSED_VARIABLE = YES;
				HEADER_SEARCH_PATHS = "";
				IPHONEOS_DEPLOYMENT_TARGET = 3.0;
				LIBRARY_SEARCH_PATHS = "";
				OTHER_CFLAGS = "-DNS_BLOCK_ASSERTIONS=1";
				PREBINDING = NO;
				SDKROOT = iphoneos4.1;
			};
			name = Release;
		};
		C338D74714A723A200A8978B /* Debug */ = {
			isa = XCBuildConfiguration;
			buildSettings = {
				PRODUCT_NAME = "$(TARGET_NAME)";
				SDKROOT = iphoneos5.0;
			};
			name = Debug;
		};
		C338D74814A723A200A8978B /* Release */ = {
			isa = XCBuildConfiguration;
			buildSettings = {
				PRODUCT_NAME = "$(TARGET_NAME)";
				SDKROOT = iphoneos5.0;
			};
			name = Release;
		};
		C338D74914A723A200A8978B /* Release-Upload */ = {
			isa = XCBuildConfiguration;
			buildSettings = {
				PRODUCT_NAME = "$(TARGET_NAME)";
				SDKROOT = iphoneos5.0;
			};
			name = "Release-Upload";
		};
		C3E47AA714A6E74200BD4223 /* Debug */ = {
			isa = XCBuildConfiguration;
			buildSettings = {
				ALWAYS_SEARCH_USER_PATHS = NO;
				ARCHS = "$(ARCHS_STANDARD_32_BIT)";
				COPY_PHASE_STRIP = NO;
				DEAD_CODE_STRIPPING = NO;
				GCC_C_LANGUAGE_STANDARD = gnu99;
				GCC_DYNAMIC_NO_PIC = NO;
				GCC_ENABLE_OBJC_EXCEPTIONS = YES;
				GCC_OPTIMIZATION_LEVEL = 0;
				GCC_PRECOMPILE_PREFIX_HEADER = NO;
				GCC_PREFIX_HEADER = "";
				GCC_PREPROCESSOR_DEFINITIONS = (
					"DEBUG=1",
					"$(inherited)",
				);
				GCC_SYMBOLS_PRIVATE_EXTERN = NO;
				GCC_VERSION = com.apple.compilers.llvm.clang.1_0;
				GCC_WARN_64_TO_32_BIT_CONVERSION = YES;
				GCC_WARN_ABOUT_MISSING_PROTOTYPES = YES;
				INFOPLIST_FILE = "";
				INSTALL_PATH = "$(LOCAL_LIBRARY_DIR)/Bundles";
				LINK_WITH_STANDARD_LIBRARIES = NO;
				MACH_O_TYPE = mh_object;
				MACOSX_DEPLOYMENT_TARGET = "";
				ONLY_ACTIVE_ARCH = NO;
				OTHER_LDFLAGS = "-ObjC";
				PRECOMPS_INCLUDE_HEADERS_FROM_BUILT_PRODUCTS_DIR = NO;
				PRODUCT_NAME = "$(TARGET_NAME)";
				SDKROOT = iphoneos;
				VALID_ARCHS = "armv6 armv7";
				WRAPPER_EXTENSION = framework;
			};
			name = Debug;
		};
		C3E47AA814A6E74200BD4223 /* Release */ = {
			isa = XCBuildConfiguration;
			buildSettings = {
				ALWAYS_SEARCH_USER_PATHS = NO;
				ARCHS = "$(ARCHS_STANDARD_32_BIT)";
				COPY_PHASE_STRIP = YES;
				DEAD_CODE_STRIPPING = NO;
				DEBUG_INFORMATION_FORMAT = "dwarf-with-dsym";
				GCC_C_LANGUAGE_STANDARD = gnu99;
				GCC_ENABLE_OBJC_EXCEPTIONS = YES;
				GCC_PRECOMPILE_PREFIX_HEADER = NO;
				GCC_PREFIX_HEADER = "";
				GCC_VERSION = com.apple.compilers.llvm.clang.1_0;
				GCC_WARN_64_TO_32_BIT_CONVERSION = YES;
				GCC_WARN_ABOUT_MISSING_PROTOTYPES = YES;
				INFOPLIST_FILE = "";
				INSTALL_PATH = "$(LOCAL_LIBRARY_DIR)/Bundles";
				LINK_WITH_STANDARD_LIBRARIES = NO;
				MACH_O_TYPE = mh_object;
				MACOSX_DEPLOYMENT_TARGET = "";
				ONLY_ACTIVE_ARCH = NO;
				OTHER_LDFLAGS = "-ObjC";
				PRECOMPS_INCLUDE_HEADERS_FROM_BUILT_PRODUCTS_DIR = NO;
				PRODUCT_NAME = "$(TARGET_NAME)";
				SDKROOT = iphoneos;
				VALID_ARCHS = "armv6 armv7";
				WRAPPER_EXTENSION = framework;
			};
			name = Release;
		};
		C3E47AA914A6E74200BD4223 /* Release-Upload */ = {
			isa = XCBuildConfiguration;
			buildSettings = {
				ALWAYS_SEARCH_USER_PATHS = NO;
				ARCHS = "$(ARCHS_STANDARD_32_BIT)";
				COPY_PHASE_STRIP = YES;
				DEAD_CODE_STRIPPING = NO;
				DEBUG_INFORMATION_FORMAT = "dwarf-with-dsym";
				GCC_C_LANGUAGE_STANDARD = gnu99;
				GCC_ENABLE_OBJC_EXCEPTIONS = YES;
				GCC_PRECOMPILE_PREFIX_HEADER = NO;
				GCC_PREFIX_HEADER = "";
				GCC_VERSION = com.apple.compilers.llvm.clang.1_0;
				GCC_WARN_64_TO_32_BIT_CONVERSION = YES;
				GCC_WARN_ABOUT_MISSING_PROTOTYPES = YES;
				INFOPLIST_FILE = "";
				INSTALL_PATH = "$(LOCAL_LIBRARY_DIR)/Bundles";
				LINK_WITH_STANDARD_LIBRARIES = NO;
				MACH_O_TYPE = mh_object;
				MACOSX_DEPLOYMENT_TARGET = "";
				ONLY_ACTIVE_ARCH = NO;
				OTHER_LDFLAGS = "-ObjC";
				PRECOMPS_INCLUDE_HEADERS_FROM_BUILT_PRODUCTS_DIR = NO;
				PRODUCT_NAME = "$(TARGET_NAME)";
				SDKROOT = iphoneos;
				VALID_ARCHS = "armv6 armv7";
				WRAPPER_EXTENSION = framework;
			};
			name = "Release-Upload";
		};
/* End XCBuildConfiguration section */

/* Begin XCConfigurationList section */
		C01FCF4E08A954540054247B /* Build configuration list for PBXProject "LocalPlayer" */ = {
			isa = XCConfigurationList;
			buildConfigurations = (
				C01FCF4F08A954540054247B /* Debug */,
				C01FCF5008A954540054247B /* Release */,
				8EB433C61362EDB1000625A4 /* Release-Upload */,
			);
			defaultConfigurationIsVisible = 0;
			defaultConfigurationName = Release;
		};
		C338D74A14A723A200A8978B /* Build configuration list for PBXAggregateTarget "LIPO" */ = {
			isa = XCConfigurationList;
			buildConfigurations = (
				C338D74714A723A200A8978B /* Debug */,
				C338D74814A723A200A8978B /* Release */,
				C338D74914A723A200A8978B /* Release-Upload */,
			);
			defaultConfigurationIsVisible = 0;
			defaultConfigurationName = Release;
		};
		C3E47AA614A6E74200BD4223 /* Build configuration list for PBXNativeTarget "LocalPlayer" */ = {
			isa = XCConfigurationList;
			buildConfigurations = (
				C3E47AA714A6E74200BD4223 /* Debug */,
				C3E47AA814A6E74200BD4223 /* Release */,
				C3E47AA914A6E74200BD4223 /* Release-Upload */,
			);
			defaultConfigurationIsVisible = 0;
			defaultConfigurationName = Release;
		};
/* End XCConfigurationList section */
	};
	rootObject = 29B97313FDCFA39411CA2CEA /* Project object */;
}
